// !$*UTF8*$!
{
	archiveVersion = 1;
	classes = {
	};
	objectVersion = 46;
	objects = {

/* Begin PBXBuildFile section */
		026228001EFA3BCD00A29F74 /* AppDelegate.swift in Sources */ = {isa = PBXBuildFile; fileRef = 026227FF1EFA3BCD00A29F74 /* AppDelegate.swift */; };
		026228021EFA3BCD00A29F74 /* ViewController.swift in Sources */ = {isa = PBXBuildFile; fileRef = 026228011EFA3BCD00A29F74 /* ViewController.swift */; };
		026228051EFA3BCD00A29F74 /* Main.storyboard in Resources */ = {isa = PBXBuildFile; fileRef = 026228031EFA3BCD00A29F74 /* Main.storyboard */; };
		026228071EFA3BCD00A29F74 /* Assets.xcassets in Resources */ = {isa = PBXBuildFile; fileRef = 026228061EFA3BCD00A29F74 /* Assets.xcassets */; };
		0262280A1EFA3BCD00A29F74 /* LaunchScreen.storyboard in Resources */ = {isa = PBXBuildFile; fileRef = 026228081EFA3BCD00A29F74 /* LaunchScreen.storyboard */; };
/* End PBXBuildFile section */

/* Begin PBXFileReference section */
		026227FC1EFA3BCD00A29F74 /* YoutubeDemo.app */ = {isa = PBXFileReference; explicitFileType = wrapper.application; includeInIndex = 0; path = YoutubeDemo.app; sourceTree = BUILT_PRODUCTS_DIR; };
		026227FF1EFA3BCD00A29F74 /* AppDelegate.swift */ = {isa = PBXFileReference; lastKnownFileType = sourcecode.swift; path = AppDelegate.swift; sourceTree = "<group>"; };
		026228011EFA3BCD00A29F74 /* ViewController.swift */ = {isa = PBXFileReference; lastKnownFileType = sourcecode.swift; path = ViewController.swift; sourceTree = "<group>"; };
		026228041EFA3BCD00A29F74 /* Base */ = {isa = PBXFileReference; lastKnownFileType = file.storyboard; name = Base; path = Base.lproj/Main.storyboard; sourceTree = "<group>"; };
		026228061EFA3BCD00A29F74 /* Assets.xcassets */ = {isa = PBXFileReference; lastKnownFileType = folder.assetcatalog; path = Assets.xcassets; sourceTree = "<group>"; };
		026228091EFA3BCD00A29F74 /* Base */ = {isa = PBXFileReference; lastKnownFileType = file.storyboard; name = Base; path = Base.lproj/LaunchScreen.storyboard; sourceTree = "<group>"; };
		0262280B1EFA3BCD00A29F74 /* Info.plist */ = {isa = PBXFileReference; lastKnownFileType = text.plist.xml; path = Info.plist; sourceTree = "<group>"; };
/* End PBXFileReference section */

/* Begin PBXFrameworksBuildPhase section */
		026227F91EFA3BCD00A29F74 /* Frameworks */ = {
			isa = PBXFrameworksBuildPhase;
			buildActionMask = 2147483647;
			files = (
			);
			runOnlyForDeploymentPostprocessing = 0;
		};
/* End PBXFrameworksBuildPhase section */

/* Begin PBXGroup section */
		026227F31EFA3BCD00A29F74 = {
			isa = PBXGroup;
			children = (
				026227FE1EFA3BCD00A29F74 /* YoutubeDemo */,
				026227FD1EFA3BCD00A29F74 /* Products */,
			);
			sourceTree = "<group>";
		};
		026227FD1EFA3BCD00A29F74 /* Products */ = {
			isa = PBXGroup;
			children = (
				026227FC1EFA3BCD00A29F74 /* YoutubeDemo.app */,
			);
			name = Products;
			sourceTree = "<group>";
		};
		026227FE1EFA3BCD00A29F74 /* YoutubeDemo */ = {
			isa = PBXGroup;
			children = (
				026227FF1EFA3BCD00A29F74 /* AppDelegate.swift */,
				026228011EFA3BCD00A29F74 /* ViewController.swift */,
				026228031EFA3BCD00A29F74 /* Main.storyboard */,
				026228061EFA3BCD00A29F74 /* Assets.xcassets */,
				026228081EFA3BCD00A29F74 /* LaunchScreen.storyboard */,
				0262280B1EFA3BCD00A29F74 /* Info.plist */,
			);
			path = YoutubeDemo;
			sourceTree = "<group>";
		};
/* End PBXGroup section */

/* Begin PBXNativeTarget section */
		026227FB1EFA3BCD00A29F74 /* YoutubeDemo */ = {
			isa = PBXNativeTarget;
			buildConfigurationList = 0262280E1EFA3BCD00A29F74 /* Build configuration list for PBXNativeTarget "YoutubeDemo" */;
			buildPhases = (
				026227F81EFA3BCD00A29F74 /* Sources */,
				026227F91EFA3BCD00A29F74 /* Frameworks */,
				026227FA1EFA3BCD00A29F74 /* Resources */,
			);
			buildRules = (
			);
			dependencies = (
			);
			name = YoutubeDemo;
			productName = YoutubeDemo;
			productReference = 026227FC1EFA3BCD00A29F74 /* YoutubeDemo.app */;
			productType = "com.apple.product-type.application";
		};
/* End PBXNativeTarget section */

/* Begin PBXProject section */
		026227F41EFA3BCD00A29F74 /* Project object */ = {
			isa = PBXProject;
			attributes = {
				LastSwiftUpdateCheck = 0830;
				LastUpgradeCheck = 0830;
				ORGANIZATIONNAME = Pulkeet;
				TargetAttributes = {
					026227FB1EFA3BCD00A29F74 = {
						CreatedOnToolsVersion = 8.3.1;
						ProvisioningStyle = Manual;
					};
				};
			};
			buildConfigurationList = 026227F71EFA3BCD00A29F74 /* Build configuration list for PBXProject "YoutubeDemo" */;
			compatibilityVersion = "Xcode 3.2";
			developmentRegion = English;
			hasScannedForEncodings = 0;
			knownRegions = (
				en,
				Base,
			);
			mainGroup = 026227F31EFA3BCD00A29F74;
			productRefGroup = 026227FD1EFA3BCD00A29F74 /* Products */;
			projectDirPath = "";
			projectRoot = "";
			targets = (
				026227FB1EFA3BCD00A29F74 /* YoutubeDemo */,
			);
		};
/* End PBXProject section */

/* Begin PBXResourcesBuildPhase section */
		026227FA1EFA3BCD00A29F74 /* Resources */ = {
			isa = PBXResourcesBuildPhase;
			buildActionMask = 2147483647;
			files = (
				0262280A1EFA3BCD00A29F74 /* LaunchScreen.storyboard in Resources */,
				026228071EFA3BCD00A29F74 /* Assets.xcassets in Resources */,
				026228051EFA3BCD00A29F74 /* Main.storyboard in Resources */,
			);
			runOnlyForDeploymentPostprocessing = 0;
		};
/* End PBXResourcesBuildPhase section */

/* Begin PBXSourcesBuildPhase section */
		026227F81EFA3BCD00A29F74 /* Sources */ = {
			isa = PBXSourcesBuildPhase;
			buildActionMask = 2147483647;
			files = (
				026228021EFA3BCD00A29F74 /* ViewController.swift in Sources */,
				026228001EFA3BCD00A29F74 /* AppDelegate.swift in Sources */,
			);
			runOnlyForDeploymentPostprocessing = 0;
		};
/* End PBXSourcesBuildPhase section */

/* Begin PBXVariantGroup section */
		026228031EFA3BCD00A29F74 /* Main.storyboard */ = {
			isa = PBXVariantGroup;
			children = (
				026228041EFA3BCD00A29F74 /* Base */,
			);
			name = Main.storyboard;
			sourceTree = "<group>";
		};
		026228081EFA3BCD00A29F74 /* LaunchScreen.storyboard */ = {
			isa = PBXVariantGroup;
			children = (
				026228091EFA3BCD00A29F74 /* Base */,
			);
			name = LaunchScreen.storyboard;
			sourceTree = "<group>";
		};
/* End PBXVariantGroup section */

/* Begin XCBuildConfiguration section */
		0262280C1EFA3BCD00A29F74 /* Debug */ = {
			isa = XCBuildConfiguration;
			buildSettings = {
				ALWAYS_SEARCH_USER_PATHS = NO;
				CLANG_ANALYZER_NONNULL = YES;
				CLANG_ANALYZER_NUMBER_OBJECT_CONVERSION = YES_AGGRESSIVE;
				CLANG_CXX_LANGUAGE_STANDARD = "gnu++0x";
				CLANG_CXX_LIBRARY = "libc++";
				CLANG_ENABLE_MODULES = YES;
				CLANG_ENABLE_OBJC_ARC = YES;
				CLANG_WARN_BOOL_CONVERSION = YES;
				CLANG_WARN_CONSTANT_CONVERSION = YES;
				CLANG_WARN_DIRECT_OBJC_ISA_USAGE = YES_ERROR;
				CLANG_WARN_DOCUMENTATION_COMMENTS = YES;
				CLANG_WARN_EMPTY_BODY = YES;
				CLANG_WARN_ENUM_CONVERSION = YES;
				CLANG_WARN_INFINITE_RECURSION = YES;
				CLANG_WARN_INT_CONVERSION = YES;
				CLANG_WARN_OBJC_ROOT_CLASS = YES_ERROR;
				CLANG_WARN_SUSPICIOUS_MOVE = YES;
				CLANG_WARN_UNREACHABLE_CODE = YES;
				CLANG_WARN__DUPLICATE_METHOD_MATCH = YES;
				"CODE_SIGN_IDENTITY[sdk=iphoneos*]" = "iPhone Developer";
				COPY_PHASE_STRIP = NO;
				DEBUG_INFORMATION_FORMAT = dwarf;
				ENABLE_STRICT_OBJC_MSGSEND = YES;
				ENABLE_TESTABILITY = YES;
				GCC_C_LANGUAGE_STANDARD = gnu99;
				GCC_DYNAMIC_NO_PIC = NO;
				GCC_NO_COMMON_BLOCKS = YES;
				GCC_OPTIMIZATION_LEVEL = 0;
				GCC_PREPROCESSOR_DEFINITIONS = (
					"DEBUG=1",
					"$(inherited)",
				);
				GCC_WARN_64_TO_32_BIT_CONVERSION = YES;
				GCC_WARN_ABOUT_RETURN_TYPE = YES_ERROR;
				GCC_WARN_UNDECLARED_SELECTOR = YES;
				GCC_WARN_UNINITIALIZED_AUTOS = YES_AGGRESSIVE;
				GCC_WARN_UNUSED_FUNCTION = YES;
				GCC_WARN_UNUSED_VARIABLE = YES;
				IPHONEOS_DEPLOYMENT_TARGET = 10.3;
				MTL_ENABLE_DEBUG_INFO = YES;
				ONLY_ACTIVE_ARCH = YES;
				SDKROOT = iphoneos;
				SWIFT_ACTIVE_COMPILATION_CONDITIONS = DEBUG;
				SWIFT_OPTIMIZATION_LEVEL = "-Onone";
				TARGETED_DEVICE_FAMILY = "1,2";
			};
			name = Debug;
		};
		0262280D1EFA3BCD00A29F74 /* Release */ = {
			isa = XCBuildConfiguration;
			buildSettings = {
				ALWAYS_SEARCH_USER_PATHS = NO;
				CLANG_ANALYZER_NONNULL = YES;
				CLANG_ANALYZER_NUMBER_OBJECT_CONVERSION = YES_AGGRESSIVE;
				CLANG_CXX_LANGUAGE_STANDARD = "gnu++0x";
				CLANG_CXX_LIBRARY = "libc++";
				CLANG_ENABLE_MODULES = YES;
				CLANG_ENABLE_OBJC_ARC = YES;
				CLANG_WARN_BOOL_CONVERSION = YES;
				CLANG_WARN_CONSTANT_CONVERSION = YES;
				CLANG_WARN_DIRECT_OBJC_ISA_USAGE = YES_ERROR;
				CLANG_WARN_DOCUMENTATION_COMMENTS = YES;
				CLANG_WARN_EMPTY_BODY = YES;
				CLANG_WARN_ENUM_CONVERSION = YES;
				CLANG_WARN_INFINITE_RECURSION = YES;
				CLANG_WARN_INT_CONVERSION = YES;
				CLANG_WARN_OBJC_ROOT_CLASS = YES_ERROR;
				CLANG_WARN_SUSPICIOUS_MOVE = YES;
				CLANG_WARN_UNREACHABLE_CODE = YES;
				CLANG_WARN__DUPLICATE_METHOD_MATCH = YES;
				"CODE_SIGN_IDENTITY[sdk=iphoneos*]" = "iPhone Developer";
				COPY_PHASE_STRIP = NO;
				DEBUG_INFORMATION_FORMAT = "dwarf-with-dsym";
				ENABLE_NS_ASSERTIONS = NO;
				ENABLE_STRICT_OBJC_MSGSEND = YES;
				GCC_C_LANGUAGE_STANDARD = gnu99;
				GCC_NO_COMMON_BLOCKS = YES;
				GCC_WARN_64_TO_32_BIT_CONVERSION = YES;
				GCC_WARN_ABOUT_RETURN_TYPE = YES_ERROR;
				GCC_WARN_UNDECLARED_SELECTOR = YES;
				GCC_WARN_UNINITIALIZED_AUTOS = YES_AGGRESSIVE;
				GCC_WARN_UNUSED_FUNCTION = YES;
				GCC_WARN_UNUSED_VARIABLE = YES;
				IPHONEOS_DEPLOYMENT_TARGET = 10.3;
				MTL_ENABLE_DEBUG_INFO = NO;
				SDKROOT = iphoneos;
				SWIFT_OPTIMIZATION_LEVEL = "-Owholemodule";
				TARGETED_DEVICE_FAMILY = "1,2";
				VALIDATE_PRODUCT = YES;
			};
			name = Release;
		};
		0262280F1EFA3BCD00A29F74 /* Debug */ = {
			isa = XCBuildConfiguration;
			buildSettings = {
				ASSETCATALOG_COMPILER_APPICON_NAME = AppIcon;
				DEVELOPMENT_TEAM = "";
				INFOPLIST_FILE = YoutubeDemo/Info.plist;
				LD_RUNPATH_SEARCH_PATHS = "$(inherited) @executable_path/Frameworks";
				PRODUCT_BUNDLE_IDENTIFIER = com.something.something.YoutubeDemo;
				PRODUCT_NAME = "$(TARGET_NAME)";
				PROVISIONING_PROFILE_SPECIFIER = "";
				SWIFT_VERSION = 3.0;
			};
			name = Debug;
		};
		026228101EFA3BCD00A29F74 /* Release */ = {
			isa = XCBuildConfiguration;
			buildSettings = {
				ASSETCATALOG_COMPILER_APPICON_NAME = AppIcon;
				DEVELOPMENT_TEAM = "";
				INFOPLIST_FILE = YoutubeDemo/Info.plist;
				LD_RUNPATH_SEARCH_PATHS = "$(inherited) @executable_path/Frameworks";
				PRODUCT_BUNDLE_IDENTIFIER = com.something.something.YoutubeDemo;
				PRODUCT_NAME = "$(TARGET_NAME)";
				PROVISIONING_PROFILE_SPECIFIER = "";
				SWIFT_VERSION = 3.0;
			};
			name = Release;
		};
/* End XCBuildConfiguration section */

/* Begin XCConfigurationList section */
		026227F71EFA3BCD00A29F74 /* Build configuration list for PBXProject "YoutubeDemo" */ = {
			isa = XCConfigurationList;
			buildConfigurations = (
				0262280C1EFA3BCD00A29F74 /* Debug */,
				0262280D1EFA3BCD00A29F74 /* Release */,
			);
			defaultConfigurationIsVisible = 0;
			defaultConfigurationName = Release;
		};
		0262280E1EFA3BCD00A29F74 /* Build configuration list for PBXNativeTarget "YoutubeDemo" */ = {
			isa = XCConfigurationList;
			buildConfigurations = (
				0262280F1EFA3BCD00A29F74 /* Debug */,
				026228101EFA3BCD00A29F74 /* Release */,
			);
			defaultConfigurationIsVisible = 0;
		};
/* End XCConfigurationList section */
	};
	rootObject = 026227F41EFA3BCD00A29F74 /* Project object */;
}
